
Microsoft Visual Studio Solution File, Format Version 12.00
# Visual Studio Version 16
VisualStudioVersion = 16.0.30011.22
MinimumVisualStudioVersion = 10.0.40219.1
Project("{FAE04EC0-301F-11D3-BF4B-00C04F79EFBC}") = "CoursatyMobApp.Android", "CoursatyMobApp.Android\CoursatyMobApp.Android.csproj", "{1EDF7E0D-469B-4EE0-9DCA-5A4CAEC2086C}"
EndProject
Project("{FAE04EC0-301F-11D3-BF4B-00C04F79EFBC}") = "CoursatyMobApp", "CoursatyMobApp\CoursatyMobApp.csproj", "{126959F3-7DD2-42A0-94ED-3DFC8771A024}"
EndProject
Global
	GlobalSection(SolutionConfigurationPlatforms) = preSolution
		Debug|Any CPU = Debug|Any CPU
		Release|Any CPU = Release|Any CPU
	EndGlobalSection
	GlobalSection(ProjectConfigurationPlatforms) = postSolution
		{1EDF7E0D-469B-4EE0-9DCA-5A4CAEC2086C}.Debug|Any CPU.ActiveCfg = Debug|Any CPU
		{1EDF7E0D-469B-4EE0-9DCA-5A4CAEC2086C}.Debug|Any CPU.Build.0 = Debug|Any CPU
		{1EDF7E0D-469B-4EE0-9DCA-5A4CAEC2086C}.Debug|Any CPU.Deploy.0 = Debug|Any CPU
		{1EDF7E0D-469B-4EE0-9DCA-5A4CAEC2086C}.Release|Any CPU.ActiveCfg = Release|Any CPU
		{1EDF7E0D-469B-4EE0-9DCA-5A4CAEC2086C}.Release|Any CPU.Build.0 = Release|Any CPU
		{1EDF7E0D-469B-4EE0-9DCA-5A4CAEC2086C}.Release|Any CPU.Deploy.0 = Release|Any CPU
		{126959F3-7DD2-42A0-94ED-3DFC8771A024}.Debug|Any CPU.ActiveCfg = Debug|Any CPU
		{126959F3-7DD2-42A0-94ED-3DFC8771A024}.Debug|Any CPU.Build.0 = Debug|Any CPU
		{126959F3-7DD2-42A0-94ED-3DFC8771A024}.Debug|Any CPU.Deploy.0 = Debug|Any CPU
		{126959F3-7DD2-42A0-94ED-3DFC8771A024}.Release|Any CPU.ActiveCfg = Release|Any CPU
		{126959F3-7DD2-42A0-94ED-3DFC8771A024}.Release|Any CPU.Build.0 = Release|Any CPU
		{126959F3-7DD2-42A0-94ED-3DFC8771A024}.Release|Any CPU.Deploy.0 = Release|Any CPU
	EndGlobalSection
	GlobalSection(SolutionProperties) = preSolution
		HideSolutionNode = FALSE
	EndGlobalSection
	GlobalSection(ExtensibilityGlobals) = postSolution
		SolutionGuid = {AF6875BD-E156-420D-BBD5-17E9834D9994}
	EndGlobalSection
EndGlobal
